
Microsoft Visual Studio Solution File, Format Version 12.00
# Visual Studio Version 17
VisualStudioVersion = 17.0.32014.148
MinimumVisualStudioVersion = 10.0.40219.1
Project("{FAE04EC0-301F-11D3-BF4B-00C04F79EFBC}") = "GESTAO_FORNECEDOR", "GESTAO_FORNECEDOR\GESTAO_FORNECEDOR.csproj", "{9EF5EACA-6BFB-4AF9-962E-A53C59F0B483}"
EndProject
Global
	GlobalSection(SolutionConfigurationPlatforms) = preSolution
		Debug|Any CPU = Debug|Any CPU
		Release|Any CPU = Release|Any CPU
	EndGlobalSection
	GlobalSection(ProjectConfigurationPlatforms) = postSolution
		{9EF5EACA-6BFB-4AF9-962E-A53C59F0B483}.Debug|Any CPU.ActiveCfg = Debug|Any CPU
		{9EF5EACA-6BFB-4AF9-962E-A53C59F0B483}.Debug|Any CPU.Build.0 = Debug|Any CPU
		{9EF5EACA-6BFB-4AF9-962E-A53C59F0B483}.Release|Any CPU.ActiveCfg = Release|Any CPU
		{9EF5EACA-6BFB-4AF9-962E-A53C59F0B483}.Release|Any CPU.Build.0 = Release|Any CPU
	EndGlobalSection
	GlobalSection(SolutionProperties) = preSolution
		HideSolutionNode = FALSE
	EndGlobalSection
	GlobalSection(ExtensibilityGlobals) = postSolution
		SolutionGuid = {B05CCE74-FB41-4085-A835-D1CAFC64B4C9}
	EndGlobalSection
EndGlobal
